// !$*UTF8*$!
{
	archiveVersion = 1;
	classes = {
	};
	objectVersion = 46;
	objects = {

/* Begin PBXBuildFile section */
		3D0B45A81DF8875200E29F5A /* ReactiveCocoa.framework in Frameworks */ = {isa = PBXBuildFile; fileRef = 3D0B45A71DF8875200E29F5A /* ReactiveCocoa.framework */; };
		3D0B45AA1DF8877100E29F5A /* Masonry.framework in Frameworks */ = {isa = PBXBuildFile; fileRef = 3D0B45A91DF8877100E29F5A /* Masonry.framework */; };
		3D139C8C1E399259006DDC23 /* UNDDateTableViewCell.m in Sources */ = {isa = PBXBuildFile; fileRef = 3D139C8B1E399259006DDC23 /* UNDDateTableViewCell.m */; };
		3D1893F91EBB86A4000A45A9 /* UNDCardViewSideA.m in Sources */ = {isa = PBXBuildFile; fileRef = 3D1893F81EBB86A4000A45A9 /* UNDCardViewSideA.m */; };
		3D1893FC1EBB8B1E000A45A9 /* UNDCardViewSideB.m in Sources */ = {isa = PBXBuildFile; fileRef = 3D1893FB1EBB8B1E000A45A9 /* UNDCardViewSideB.m */; };
		3D1894001EC0C8E3000A45A9 /* UNDCardViewSideBCellViewModel.m in Sources */ = {isa = PBXBuildFile; fileRef = 3D1893FF1EC0C8E3000A45A9 /* UNDCardViewSideBCellViewModel.m */; };
		3D1894031EC0D944000A45A9 /* UNDCardViewSideBCell.m in Sources */ = {isa = PBXBuildFile; fileRef = 3D1894021EC0D944000A45A9 /* UNDCardViewSideBCell.m */; };
		3D201C591E12D6580067BFF5 /* UNDViewController.m in Sources */ = {isa = PBXBuildFile; fileRef = 3D201C581E12D6580067BFF5 /* UNDViewController.m */; };
		3D201C671E12DA430067BFF5 /* ReactiveViewModel.framework in Frameworks */ = {isa = PBXBuildFile; fileRef = 3D201C661E12DA430067BFF5 /* ReactiveViewModel.framework */; };
		3D3634B31DF71965001E3A6E /* main.m in Sources */ = {isa = PBXBuildFile; fileRef = 3D3634B21DF71965001E3A6E /* main.m */; };
		3D3634B61DF71965001E3A6E /* AppDelegate.m in Sources */ = {isa = PBXBuildFile; fileRef = 3D3634B51DF71965001E3A6E /* AppDelegate.m */; };
		3D3634BC1DF71965001E3A6E /* Main.storyboard in Resources */ = {isa = PBXBuildFile; fileRef = 3D3634BA1DF71965001E3A6E /* Main.storyboard */; };
		3D3634C11DF71965001E3A6E /* Assets.xcassets in Resources */ = {isa = PBXBuildFile; fileRef = 3D3634C01DF71965001E3A6E /* Assets.xcassets */; };
		3D3634C41DF71965001E3A6E /* LaunchScreen.storyboard in Resources */ = {isa = PBXBuildFile; fileRef = 3D3634C21DF71965001E3A6E /* LaunchScreen.storyboard */; };
		3D3634CF1DF71966001E3A6E /* UniqDayTests.m in Sources */ = {isa = PBXBuildFile; fileRef = 3D3634CE1DF71966001E3A6E /* UniqDayTests.m */; };
		3D3634DA1DF71966001E3A6E /* UniqDayUITests.m in Sources */ = {isa = PBXBuildFile; fileRef = 3D3634D91DF71966001E3A6E /* UniqDayUITests.m */; };
		3DB1C03B1E8034E90062442A /* UNDTopBarViewModel.m in Sources */ = {isa = PBXBuildFile; fileRef = 3DB1C03A1E8034E90062442A /* UNDTopBarViewModel.m */; };
		3DB463E71E56020F003D58F3 /* UNDCardViewModel.m in Sources */ = {isa = PBXBuildFile; fileRef = 3DB463E61E56020F003D58F3 /* UNDCardViewModel.m */; };
		3DBB01A21E33939800963E74 /* UNDTitleTableViewCell.m in Sources */ = {isa = PBXBuildFile; fileRef = 3DBB01A11E33939800963E74 /* UNDTitleTableViewCell.m */; };
		3DBB567C1E6DC5C90028E334 /* UNDToolsBarViewModel.m in Sources */ = {isa = PBXBuildFile; fileRef = 3DBB567B1E6DC5C90028E334 /* UNDToolsBarViewModel.m */; };
		3DC15D7A1E7B0E8400B1789F /* UNDCardView.m in Sources */ = {isa = PBXBuildFile; fileRef = 3DC15D791E7B0E8400B1789F /* UNDCardView.m */; };
		3DC15D7D1E7B0E9B00B1789F /* UNDCardViewCell.m in Sources */ = {isa = PBXBuildFile; fileRef = 3DC15D7C1E7B0E9B00B1789F /* UNDCardViewCell.m */; };
		3DC15D801E7D6FA600B1789F /* UNDCollectionViewModel.m in Sources */ = {isa = PBXBuildFile; fileRef = 3DC15D7F1E7D6FA600B1789F /* UNDCollectionViewModel.m */; };
		3DC509981E5C70A800282E46 /* UNDBottomBarView.m in Sources */ = {isa = PBXBuildFile; fileRef = 3DC509971E5C70A800282E46 /* UNDBottomBarView.m */; };
		3DC5099B1E5C8B0B00282E46 /* UNDTopBarView.m in Sources */ = {isa = PBXBuildFile; fileRef = 3DC5099A1E5C8B0B00282E46 /* UNDTopBarView.m */; };
		3DD02D7B1E4A089500414B51 /* UNDImageTableViewCell.m in Sources */ = {isa = PBXBuildFile; fileRef = 3DD02D7A1E4A089500414B51 /* UNDImageTableViewCell.m */; };
		3DEB7B2B1E2538F00067311D /* UNDAddCardView.m in Sources */ = {isa = PBXBuildFile; fileRef = 3DEB7B2A1E2538F00067311D /* UNDAddCardView.m */; };
		3DEE5C0E1E939CE2008CA95E /* UNDToolsBarView.m in Sources */ = {isa = PBXBuildFile; fileRef = 3DEE5C0D1E939CE2008CA95E /* UNDToolsBarView.m */; };
		3DEE5C111E9D25BA008CA95E /* UNDShareCardViewController.m in Sources */ = {isa = PBXBuildFile; fileRef = 3DEE5C101E9D25BA008CA95E /* UNDShareCardViewController.m */; };
		3DEE5C591EA36673008CA95E /* UNDBlurAlertView.m in Sources */ = {isa = PBXBuildFile; fileRef = 3DEE5C581EA36673008CA95E /* UNDBlurAlertView.m */; };
		3DFD38D71E4C942700945F08 /* Realm.framework in Frameworks */ = {isa = PBXBuildFile; fileRef = 3DFD38D61E4C942700945F08 /* Realm.framework */; };
		3DFD38DA1E4CBA8C00945F08 /* UNDCard.m in Sources */ = {isa = PBXBuildFile; fileRef = 3DFD38D91E4CBA8C00945F08 /* UNDCard.m */; };
		3DFD38DD1E4F8B4F00945F08 /* UNDAddCardViewModel.m in Sources */ = {isa = PBXBuildFile; fileRef = 3DFD38DC1E4F8B4F00945F08 /* UNDAddCardViewModel.m */; };
		7F3E4D70C662C13BC6AF4BB2 /* Pods_UniqDay.framework in Frameworks */ = {isa = PBXBuildFile; fileRef = B5507201A3042CBA9B69E53D /* Pods_UniqDay.framework */; };
/* End PBXBuildFile section */

/* Begin PBXContainerItemProxy section */
		3D3634CB1DF71966001E3A6E /* PBXContainerItemProxy */ = {
			isa = PBXContainerItemProxy;
			containerPortal = 3D3634A61DF71965001E3A6E /* Project object */;
			proxyType = 1;
			remoteGlobalIDString = 3D3634AD1DF71965001E3A6E;
			remoteInfo = UniqDay;
		};
		3D3634D61DF71966001E3A6E /* PBXContainerItemProxy */ = {
			isa = PBXContainerItemProxy;
			containerPortal = 3D3634A61DF71965001E3A6E /* Project object */;
			proxyType = 1;
			remoteGlobalIDString = 3D3634AD1DF71965001E3A6E;
			remoteInfo = UniqDay;
		};
/* End PBXContainerItemProxy section */

/* Begin PBXFileReference section */
		26537945C949EAB63A41BCE5 /* Pods-UniqDay.release.xcconfig */ = {isa = PBXFileReference; includeInIndex = 1; lastKnownFileType = text.xcconfig; name = "Pods-UniqDay.release.xcconfig"; path = "Pods/Target Support Files/Pods-UniqDay/Pods-UniqDay.release.xcconfig"; sourceTree = "<group>"; };
		3D0B45A71DF8875200E29F5A /* ReactiveCocoa.framework */ = {isa = PBXFileReference; lastKnownFileType = wrapper.framework; name = ReactiveCocoa.framework; path = "../../../../Library/Developer/Xcode/DerivedData/UniqDay-bdjzuvwjhehnhmfzjreoviwkmtwp/Build/Products/Debug-iphonesimulator/ReactiveCocoa/ReactiveCocoa.framework"; sourceTree = "<group>"; };
		3D0B45A91DF8877100E29F5A /* Masonry.framework */ = {isa = PBXFileReference; lastKnownFileType = wrapper.framework; name = Masonry.framework; path = "../../../../Library/Developer/Xcode/DerivedData/UniqDay-bdjzuvwjhehnhmfzjreoviwkmtwp/Build/Products/Debug-iphonesimulator/Masonry/Masonry.framework"; sourceTree = "<group>"; };
		3D139C8A1E399259006DDC23 /* UNDDateTableViewCell.h */ = {isa = PBXFileReference; fileEncoding = 4; lastKnownFileType = sourcecode.c.h; name = UNDDateTableViewCell.h; path = View/UNDDateTableViewCell.h; sourceTree = "<group>"; };
		3D139C8B1E399259006DDC23 /* UNDDateTableViewCell.m */ = {isa = PBXFileReference; fileEncoding = 4; lastKnownFileType = sourcecode.c.objc; name = UNDDateTableViewCell.m; path = View/UNDDateTableViewCell.m; sourceTree = "<group>"; };
		3D1893F71EBB86A4000A45A9 /* UNDCardViewSideA.h */ = {isa = PBXFileReference; fileEncoding = 4; lastKnownFileType = sourcecode.c.h; name = UNDCardViewSideA.h; path = View/UNDCardViewSideA.h; sourceTree = "<group>"; };
		3D1893F81EBB86A4000A45A9 /* UNDCardViewSideA.m */ = {isa = PBXFileReference; fileEncoding = 4; lastKnownFileType = sourcecode.c.objc; name = UNDCardViewSideA.m; path = View/UNDCardViewSideA.m; sourceTree = "<group>"; };
		3D1893FA1EBB8B1E000A45A9 /* UNDCardViewSideB.h */ = {isa = PBXFileReference; fileEncoding = 4; lastKnownFileType = sourcecode.c.h; name = UNDCardViewSideB.h; path = View/UNDCardViewSideB.h; sourceTree = "<group>"; };
		3D1893FB1EBB8B1E000A45A9 /* UNDCardViewSideB.m */ = {isa = PBXFileReference; fileEncoding = 4; lastKnownFileType = sourcecode.c.objc; name = UNDCardViewSideB.m; path = View/UNDCardViewSideB.m; sourceTree = "<group>"; };
		3D1893FE1EC0C8E3000A45A9 /* UNDCardViewSideBCellViewModel.h */ = {isa = PBXFileReference; fileEncoding = 4; lastKnownFileType = sourcecode.c.h; name = UNDCardViewSideBCellViewModel.h; path = ViewModel/UNDCardViewSideBCellViewModel.h; sourceTree = "<group>"; };
		3D1893FF1EC0C8E3000A45A9 /* UNDCardViewSideBCellViewModel.m */ = {isa = PBXFileReference; fileEncoding = 4; lastKnownFileType = sourcecode.c.objc; name = UNDCardViewSideBCellViewModel.m; path = ViewModel/UNDCardViewSideBCellViewModel.m; sourceTree = "<group>"; };
		3D1894011EC0D944000A45A9 /* UNDCardViewSideBCell.h */ = {isa = PBXFileReference; fileEncoding = 4; lastKnownFileType = sourcecode.c.h; name = UNDCardViewSideBCell.h; path = View/UNDCardViewSideBCell.h; sourceTree = "<group>"; };
		3D1894021EC0D944000A45A9 /* UNDCardViewSideBCell.m */ = {isa = PBXFileReference; fileEncoding = 4; lastKnownFileType = sourcecode.c.objc; name = UNDCardViewSideBCell.m; path = View/UNDCardViewSideBCell.m; sourceTree = "<group>"; };
		3D201C571E12D6580067BFF5 /* UNDViewController.h */ = {isa = PBXFileReference; fileEncoding = 4; lastKnownFileType = sourcecode.c.h; path = UNDViewController.h; sourceTree = "<group>"; };
		3D201C581E12D6580067BFF5 /* UNDViewController.m */ = {isa = PBXFileReference; fileEncoding = 4; lastKnownFileType = sourcecode.c.objc; path = UNDViewController.m; sourceTree = "<group>"; };
		3D201C641E12D9180067BFF5 /* UniqDay.xcdatamodel */ = {isa = PBXFileReference; lastKnownFileType = wrapper.xcdatamodel; path = UniqDay.xcdatamodel; sourceTree = "<group>"; };
		3D201C661E12DA430067BFF5 /* ReactiveViewModel.framework */ = {isa = PBXFileReference; lastKnownFileType = wrapper.framework; name = ReactiveViewModel.framework; path = "../../../../Library/Developer/Xcode/DerivedData/UniqDay-bdjzuvwjhehnhmfzjreoviwkmtwp/Build/Products/Debug-iphonesimulator/ReactiveViewModel/ReactiveViewModel.framework"; sourceTree = "<group>"; };
		3D3634AE1DF71965001E3A6E /* UniqDay.app */ = {isa = PBXFileReference; explicitFileType = wrapper.application; includeInIndex = 0; path = UniqDay.app; sourceTree = BUILT_PRODUCTS_DIR; };
		3D3634B21DF71965001E3A6E /* main.m */ = {isa = PBXFileReference; lastKnownFileType = sourcecode.c.objc; path = main.m; sourceTree = "<group>"; };
		3D3634B41DF71965001E3A6E /* AppDelegate.h */ = {isa = PBXFileReference; lastKnownFileType = sourcecode.c.h; path = AppDelegate.h; sourceTree = "<group>"; };
		3D3634B51DF71965001E3A6E /* AppDelegate.m */ = {isa = PBXFileReference; lastKnownFileType = sourcecode.c.objc; path = AppDelegate.m; sourceTree = "<group>"; };
		3D3634BB1DF71965001E3A6E /* Base */ = {isa = PBXFileReference; lastKnownFileType = file.storyboard; name = Base; path = Base.lproj/Main.storyboard; sourceTree = "<group>"; };
		3D3634C01DF71965001E3A6E /* Assets.xcassets */ = {isa = PBXFileReference; lastKnownFileType = folder.assetcatalog; path = Assets.xcassets; sourceTree = "<group>"; };
		3D3634C31DF71965001E3A6E /* Base */ = {isa = PBXFileReference; lastKnownFileType = file.storyboard; name = Base; path = Base.lproj/LaunchScreen.storyboard; sourceTree = "<group>"; };
		3D3634C51DF71965001E3A6E /* Info.plist */ = {isa = PBXFileReference; lastKnownFileType = text.plist.xml; path = Info.plist; sourceTree = "<group>"; };
		3D3634CA1DF71966001E3A6E /* UniqDayTests.xctest */ = {isa = PBXFileReference; explicitFileType = wrapper.cfbundle; includeInIndex = 0; path = UniqDayTests.xctest; sourceTree = BUILT_PRODUCTS_DIR; };
		3D3634CE1DF71966001E3A6E /* UniqDayTests.m */ = {isa = PBXFileReference; lastKnownFileType = sourcecode.c.objc; path = UniqDayTests.m; sourceTree = "<group>"; };
		3D3634D01DF71966001E3A6E /* Info.plist */ = {isa = PBXFileReference; lastKnownFileType = text.plist.xml; path = Info.plist; sourceTree = "<group>"; };
		3D3634D51DF71966001E3A6E /* UniqDayUITests.xctest */ = {isa = PBXFileReference; explicitFileType = wrapper.cfbundle; includeInIndex = 0; path = UniqDayUITests.xctest; sourceTree = BUILT_PRODUCTS_DIR; };
		3D3634D91DF71966001E3A6E /* UniqDayUITests.m */ = {isa = PBXFileReference; lastKnownFileType = sourcecode.c.objc; path = UniqDayUITests.m; sourceTree = "<group>"; };
		3D3634DB1DF71966001E3A6E /* Info.plist */ = {isa = PBXFileReference; lastKnownFileType = text.plist.xml; path = Info.plist; sourceTree = "<group>"; };
		3DB1C0391E8034E90062442A /* UNDTopBarViewModel.h */ = {isa = PBXFileReference; fileEncoding = 4; lastKnownFileType = sourcecode.c.h; name = UNDTopBarViewModel.h; path = ViewModel/UNDTopBarViewModel.h; sourceTree = "<group>"; };
		3DB1C03A1E8034E90062442A /* UNDTopBarViewModel.m */ = {isa = PBXFileReference; fileEncoding = 4; lastKnownFileType = sourcecode.c.objc; name = UNDTopBarViewModel.m; path = ViewModel/UNDTopBarViewModel.m; sourceTree = "<group>"; };
		3DB463E51E56020F003D58F3 /* UNDCardViewModel.h */ = {isa = PBXFileReference; fileEncoding = 4; lastKnownFileType = sourcecode.c.h; name = UNDCardViewModel.h; path = ViewModel/UNDCardViewModel.h; sourceTree = "<group>"; };
		3DB463E61E56020F003D58F3 /* UNDCardViewModel.m */ = {isa = PBXFileReference; fileEncoding = 4; lastKnownFileType = sourcecode.c.objc; name = UNDCardViewModel.m; path = ViewModel/UNDCardViewModel.m; sourceTree = "<group>"; };
		3DBB01A01E33939800963E74 /* UNDTitleTableViewCell.h */ = {isa = PBXFileReference; fileEncoding = 4; lastKnownFileType = sourcecode.c.h; name = UNDTitleTableViewCell.h; path = View/UNDTitleTableViewCell.h; sourceTree = "<group>"; };
		3DBB01A11E33939800963E74 /* UNDTitleTableViewCell.m */ = {isa = PBXFileReference; fileEncoding = 4; lastKnownFileType = sourcecode.c.objc; name = UNDTitleTableViewCell.m; path = View/UNDTitleTableViewCell.m; sourceTree = "<group>"; };
		3DBB567A1E6DC5C90028E334 /* UNDToolsBarViewModel.h */ = {isa = PBXFileReference; fileEncoding = 4; lastKnownFileType = sourcecode.c.h; name = UNDToolsBarViewModel.h; path = ViewModel/UNDToolsBarViewModel.h; sourceTree = "<group>"; };
		3DBB567B1E6DC5C90028E334 /* UNDToolsBarViewModel.m */ = {isa = PBXFileReference; fileEncoding = 4; lastKnownFileType = sourcecode.c.objc; name = UNDToolsBarViewModel.m; path = ViewModel/UNDToolsBarViewModel.m; sourceTree = "<group>"; };
		3DC15D781E7B0E8400B1789F /* UNDCardView.h */ = {isa = PBXFileReference; fileEncoding = 4; lastKnownFileType = sourcecode.c.h; name = UNDCardView.h; path = View/UNDCardView.h; sourceTree = "<group>"; };
		3DC15D791E7B0E8400B1789F /* UNDCardView.m */ = {isa = PBXFileReference; fileEncoding = 4; lastKnownFileType = sourcecode.c.objc; name = UNDCardView.m; path = View/UNDCardView.m; sourceTree = "<group>"; };
		3DC15D7B1E7B0E9B00B1789F /* UNDCardViewCell.h */ = {isa = PBXFileReference; fileEncoding = 4; lastKnownFileType = sourcecode.c.h; name = UNDCardViewCell.h; path = View/UNDCardViewCell.h; sourceTree = "<group>"; };
		3DC15D7C1E7B0E9B00B1789F /* UNDCardViewCell.m */ = {isa = PBXFileReference; fileEncoding = 4; lastKnownFileType = sourcecode.c.objc; name = UNDCardViewCell.m; path = View/UNDCardViewCell.m; sourceTree = "<group>"; };
		3DC15D7E1E7D6FA600B1789F /* UNDCollectionViewModel.h */ = {isa = PBXFileReference; fileEncoding = 4; lastKnownFileType = sourcecode.c.h; name = UNDCollectionViewModel.h; path = ViewModel/UNDCollectionViewModel.h; sourceTree = "<group>"; };
		3DC15D7F1E7D6FA600B1789F /* UNDCollectionViewModel.m */ = {isa = PBXFileReference; fileEncoding = 4; lastKnownFileType = sourcecode.c.objc; name = UNDCollectionViewModel.m; path = ViewModel/UNDCollectionViewModel.m; sourceTree = "<group>"; };
		3DC509961E5C70A800282E46 /* UNDBottomBarView.h */ = {isa = PBXFileReference; fileEncoding = 4; lastKnownFileType = sourcecode.c.h; name = UNDBottomBarView.h; path = View/UNDBottomBarView.h; sourceTree = "<group>"; };
		3DC509971E5C70A800282E46 /* UNDBottomBarView.m */ = {isa = PBXFileReference; fileEncoding = 4; lastKnownFileType = sourcecode.c.objc; name = UNDBottomBarView.m; path = View/UNDBottomBarView.m; sourceTree = "<group>"; };
		3DC509991E5C8B0B00282E46 /* UNDTopBarView.h */ = {isa = PBXFileReference; fileEncoding = 4; lastKnownFileType = sourcecode.c.h; name = UNDTopBarView.h; path = View/UNDTopBarView.h; sourceTree = "<group>"; };
		3DC5099A1E5C8B0B00282E46 /* UNDTopBarView.m */ = {isa = PBXFileReference; fileEncoding = 4; lastKnownFileType = sourcecode.c.objc; name = UNDTopBarView.m; path = View/UNDTopBarView.m; sourceTree = "<group>"; };
		3DD02D791E4A089500414B51 /* UNDImageTableViewCell.h */ = {isa = PBXFileReference; fileEncoding = 4; lastKnownFileType = sourcecode.c.h; name = UNDImageTableViewCell.h; path = View/UNDImageTableViewCell.h; sourceTree = "<group>"; };
		3DD02D7A1E4A089500414B51 /* UNDImageTableViewCell.m */ = {isa = PBXFileReference; fileEncoding = 4; lastKnownFileType = sourcecode.c.objc; name = UNDImageTableViewCell.m; path = View/UNDImageTableViewCell.m; sourceTree = "<group>"; };
		3DEB7B291E2538EF0067311D /* UNDAddCardView.h */ = {isa = PBXFileReference; fileEncoding = 4; lastKnownFileType = sourcecode.c.h; name = UNDAddCardView.h; path = View/UNDAddCardView.h; sourceTree = "<group>"; };
		3DEB7B2A1E2538F00067311D /* UNDAddCardView.m */ = {isa = PBXFileReference; fileEncoding = 4; lastKnownFileType = sourcecode.c.objc; name = UNDAddCardView.m; path = View/UNDAddCardView.m; sourceTree = "<group>"; };
		3DEE5C0C1E939CE2008CA95E /* UNDToolsBarView.h */ = {isa = PBXFileReference; fileEncoding = 4; lastKnownFileType = sourcecode.c.h; name = UNDToolsBarView.h; path = View/UNDToolsBarView.h; sourceTree = "<group>"; };
		3DEE5C0D1E939CE2008CA95E /* UNDToolsBarView.m */ = {isa = PBXFileReference; fileEncoding = 4; lastKnownFileType = sourcecode.c.objc; name = UNDToolsBarView.m; path = View/UNDToolsBarView.m; sourceTree = "<group>"; };
		3DEE5C0F1E9D25BA008CA95E /* UNDShareCardViewController.h */ = {isa = PBXFileReference; fileEncoding = 4; lastKnownFileType = sourcecode.c.h; path = UNDShareCardViewController.h; sourceTree = "<group>"; };
		3DEE5C101E9D25BA008CA95E /* UNDShareCardViewController.m */ = {isa = PBXFileReference; fileEncoding = 4; lastKnownFileType = sourcecode.c.objc; path = UNDShareCardViewController.m; sourceTree = "<group>"; };
		3DEE5C571EA36673008CA95E /* UNDBlurAlertView.h */ = {isa = PBXFileReference; fileEncoding = 4; lastKnownFileType = sourcecode.c.h; name = UNDBlurAlertView.h; path = View/UNDBlurAlertView.h; sourceTree = "<group>"; };
		3DEE5C581EA36673008CA95E /* UNDBlurAlertView.m */ = {isa = PBXFileReference; fileEncoding = 4; lastKnownFileType = sourcecode.c.objc; name = UNDBlurAlertView.m; path = View/UNDBlurAlertView.m; sourceTree = "<group>"; };
		3DFD38D61E4C942700945F08 /* Realm.framework */ = {isa = PBXFileReference; lastKnownFileType = wrapper.framework; name = Realm.framework; path = "Pods/../build/Debug-iphoneos/Realm/Realm.framework"; sourceTree = "<group>"; };
		3DFD38D81E4CBA8C00945F08 /* UNDCard.h */ = {isa = PBXFileReference; fileEncoding = 4; lastKnownFileType = sourcecode.c.h; name = UNDCard.h; path = Model/UNDCard.h; sourceTree = "<group>"; };
		3DFD38D91E4CBA8C00945F08 /* UNDCard.m */ = {isa = PBXFileReference; fileEncoding = 4; lastKnownFileType = sourcecode.c.objc; name = UNDCard.m; path = Model/UNDCard.m; sourceTree = "<group>"; };
		3DFD38DB1E4F8B4F00945F08 /* UNDAddCardViewModel.h */ = {isa = PBXFileReference; fileEncoding = 4; lastKnownFileType = sourcecode.c.h; name = UNDAddCardViewModel.h; path = ViewModel/UNDAddCardViewModel.h; sourceTree = "<group>"; };
		3DFD38DC1E4F8B4F00945F08 /* UNDAddCardViewModel.m */ = {isa = PBXFileReference; fileEncoding = 4; lastKnownFileType = sourcecode.c.objc; name = UNDAddCardViewModel.m; path = ViewModel/UNDAddCardViewModel.m; sourceTree = "<group>"; };
		82FDDE00B5F00A49773E5A8D /* Pods-UniqDay.debug.xcconfig */ = {isa = PBXFileReference; includeInIndex = 1; lastKnownFileType = text.xcconfig; name = "Pods-UniqDay.debug.xcconfig"; path = "Pods/Target Support Files/Pods-UniqDay/Pods-UniqDay.debug.xcconfig"; sourceTree = "<group>"; };
		B5507201A3042CBA9B69E53D /* Pods_UniqDay.framework */ = {isa = PBXFileReference; explicitFileType = wrapper.framework; includeInIndex = 0; path = Pods_UniqDay.framework; sourceTree = BUILT_PRODUCTS_DIR; };
/* End PBXFileReference section */

/* Begin PBXFrameworksBuildPhase section */
		3D3634AB1DF71965001E3A6E /* Frameworks */ = {
			isa = PBXFrameworksBuildPhase;
			buildActionMask = 2147483647;
			files = (
				3DFD38D71E4C942700945F08 /* Realm.framework in Frameworks */,
				3D201C671E12DA430067BFF5 /* ReactiveViewModel.framework in Frameworks */,
				3D0B45AA1DF8877100E29F5A /* Masonry.framework in Frameworks */,
				3D0B45A81DF8875200E29F5A /* ReactiveCocoa.framework in Frameworks */,
				7F3E4D70C662C13BC6AF4BB2 /* Pods_UniqDay.framework in Frameworks */,
			);
			runOnlyForDeploymentPostprocessing = 0;
		};
		3D3634C71DF71966001E3A6E /* Frameworks */ = {
			isa = PBXFrameworksBuildPhase;
			buildActionMask = 2147483647;
			files = (
			);
			runOnlyForDeploymentPostprocessing = 0;
		};
		3D3634D21DF71966001E3A6E /* Frameworks */ = {
			isa = PBXFrameworksBuildPhase;
			buildActionMask = 2147483647;
			files = (
			);
			runOnlyForDeploymentPostprocessing = 0;
		};
/* End PBXFrameworksBuildPhase section */

/* Begin PBXGroup section */
		3D1893FD1EC0C86D000A45A9 /* UNDCardViewCell */ = {
			isa = PBXGroup;
			children = (
				3DC15D7B1E7B0E9B00B1789F /* UNDCardViewCell.h */,
				3DC15D7C1E7B0E9B00B1789F /* UNDCardViewCell.m */,
				3D1893F71EBB86A4000A45A9 /* UNDCardViewSideA.h */,
				3D1893F81EBB86A4000A45A9 /* UNDCardViewSideA.m */,
				3D1893FA1EBB8B1E000A45A9 /* UNDCardViewSideB.h */,
				3D1893FB1EBB8B1E000A45A9 /* UNDCardViewSideB.m */,
				3D1894011EC0D944000A45A9 /* UNDCardViewSideBCell.h */,
				3D1894021EC0D944000A45A9 /* UNDCardViewSideBCell.m */,
			);
			name = UNDCardViewCell;
			sourceTree = "<group>";
		};
		3D3634A51DF71965001E3A6E = {
			isa = PBXGroup;
			children = (
				3D3634B01DF71965001E3A6E /* UniqDay */,
				3D3634CD1DF71966001E3A6E /* UniqDayTests */,
				3D3634D81DF71966001E3A6E /* UniqDayUITests */,
				3D3634AF1DF71965001E3A6E /* Products */,
				FEBC3864FAD09AEDA19CEF0C /* Pods */,
				88F409DB6ED9F4255C24F4ED /* Frameworks */,
			);
			sourceTree = "<group>";
		};
		3D3634AF1DF71965001E3A6E /* Products */ = {
			isa = PBXGroup;
			children = (
				3D3634AE1DF71965001E3A6E /* UniqDay.app */,
				3D3634CA1DF71966001E3A6E /* UniqDayTests.xctest */,
				3D3634D51DF71966001E3A6E /* UniqDayUITests.xctest */,
			);
			name = Products;
			sourceTree = "<group>";
		};
		3D3634B01DF71965001E3A6E /* UniqDay */ = {
			isa = PBXGroup;
			children = (
				3DEB7B251E23C6430067311D /* ViewModel */,
				3D3634F21DF71B75001E3A6E /* Model */,
				3DF88E7E1DF888FC00E27DA6 /* View */,
				3D3634B41DF71965001E3A6E /* AppDelegate.h */,
				3D3634B51DF71965001E3A6E /* AppDelegate.m */,
				3D201C571E12D6580067BFF5 /* UNDViewController.h */,
				3D201C581E12D6580067BFF5 /* UNDViewController.m */,
				3DEE5C0F1E9D25BA008CA95E /* UNDShareCardViewController.h */,
				3DEE5C101E9D25BA008CA95E /* UNDShareCardViewController.m */,
				3D3634BA1DF71965001E3A6E /* Main.storyboard */,
				3D3634C01DF71965001E3A6E /* Assets.xcassets */,
				3D3634C21DF71965001E3A6E /* LaunchScreen.storyboard */,
				3D3634C51DF71965001E3A6E /* Info.plist */,
				3D3634B11DF71965001E3A6E /* Supporting Files */,
			);
			path = UniqDay;
			sourceTree = "<group>";
		};
		3D3634B11DF71965001E3A6E /* Supporting Files */ = {
			isa = PBXGroup;
			children = (
				3D201C631E12D9180067BFF5 /* UniqDay.xcdatamodeld */,
				3D3634B21DF71965001E3A6E /* main.m */,
			);
			name = "Supporting Files";
			sourceTree = "<group>";
		};
		3D3634CD1DF71966001E3A6E /* UniqDayTests */ = {
			isa = PBXGroup;
			children = (
				3D3634CE1DF71966001E3A6E /* UniqDayTests.m */,
				3D3634D01DF71966001E3A6E /* Info.plist */,
			);
			path = UniqDayTests;
			sourceTree = "<group>";
		};
		3D3634D81DF71966001E3A6E /* UniqDayUITests */ = {
			isa = PBXGroup;
			children = (
				3D3634D91DF71966001E3A6E /* UniqDayUITests.m */,
				3D3634DB1DF71966001E3A6E /* Info.plist */,
			);
			path = UniqDayUITests;
			sourceTree = "<group>";
		};
		3D3634F21DF71B75001E3A6E /* Model */ = {
			isa = PBXGroup;
			children = (
				3DFD38D81E4CBA8C00945F08 /* UNDCard.h */,
				3DFD38D91E4CBA8C00945F08 /* UNDCard.m */,
			);
			name = Model;
			sourceTree = "<group>";
		};
		3D76E8701E2A1D7D00D50D99 /* AddCardView */ = {
			isa = PBXGroup;
			children = (
				3DB463F11E598E09003D58F3 /* Cell */,
				3DEB7B291E2538EF0067311D /* UNDAddCardView.h */,
				3DEB7B2A1E2538F00067311D /* UNDAddCardView.m */,
			);
			name = AddCardView;
			sourceTree = "<group>";
		};
		3DB463F11E598E09003D58F3 /* Cell */ = {
			isa = PBXGroup;
			children = (
				3DBB01A01E33939800963E74 /* UNDTitleTableViewCell.h */,
				3DBB01A11E33939800963E74 /* UNDTitleTableViewCell.m */,
				3D139C8A1E399259006DDC23 /* UNDDateTableViewCell.h */,
				3D139C8B1E399259006DDC23 /* UNDDateTableViewCell.m */,
				3DD02D791E4A089500414B51 /* UNDImageTableViewCell.h */,
				3DD02D7A1E4A089500414B51 /* UNDImageTableViewCell.m */,
			);
			name = Cell;
			sourceTree = "<group>";
		};
		3DEB7B251E23C6430067311D /* ViewModel */ = {
			isa = PBXGroup;
			children = (
				3DFD38DB1E4F8B4F00945F08 /* UNDAddCardViewModel.h */,
				3DFD38DC1E4F8B4F00945F08 /* UNDAddCardViewModel.m */,
				3DB463E51E56020F003D58F3 /* UNDCardViewModel.h */,
				3DB463E61E56020F003D58F3 /* UNDCardViewModel.m */,
				3DC15D7E1E7D6FA600B1789F /* UNDCollectionViewModel.h */,
				3DC15D7F1E7D6FA600B1789F /* UNDCollectionViewModel.m */,
				3DBB567A1E6DC5C90028E334 /* UNDToolsBarViewModel.h */,
				3DBB567B1E6DC5C90028E334 /* UNDToolsBarViewModel.m */,
				3DB1C0391E8034E90062442A /* UNDTopBarViewModel.h */,
				3DB1C03A1E8034E90062442A /* UNDTopBarViewModel.m */,
				3D1893FE1EC0C8E3000A45A9 /* UNDCardViewSideBCellViewModel.h */,
				3D1893FF1EC0C8E3000A45A9 /* UNDCardViewSideBCellViewModel.m */,
			);
			name = ViewModel;
			sourceTree = "<group>";
		};
		3DF88E7E1DF888FC00E27DA6 /* View */ = {
			isa = PBXGroup;
			children = (
				3D76E8701E2A1D7D00D50D99 /* AddCardView */,
				3D1893FD1EC0C86D000A45A9 /* UNDCardViewCell */,
				3DC509991E5C8B0B00282E46 /* UNDTopBarView.h */,
				3DC5099A1E5C8B0B00282E46 /* UNDTopBarView.m */,
				3DC15D781E7B0E8400B1789F /* UNDCardView.h */,
				3DC15D791E7B0E8400B1789F /* UNDCardView.m */,
				3DC509961E5C70A800282E46 /* UNDBottomBarView.h */,
				3DC509971E5C70A800282E46 /* UNDBottomBarView.m */,
				3DEE5C0C1E939CE2008CA95E /* UNDToolsBarView.h */,
				3DEE5C0D1E939CE2008CA95E /* UNDToolsBarView.m */,
				3DEE5C571EA36673008CA95E /* UNDBlurAlertView.h */,
				3DEE5C581EA36673008CA95E /* UNDBlurAlertView.m */,
			);
			name = View;
			sourceTree = "<group>";
		};
		88F409DB6ED9F4255C24F4ED /* Frameworks */ = {
			isa = PBXGroup;
			children = (
				3DFD38D61E4C942700945F08 /* Realm.framework */,
				3D201C661E12DA430067BFF5 /* ReactiveViewModel.framework */,
				3D0B45A91DF8877100E29F5A /* Masonry.framework */,
				3D0B45A71DF8875200E29F5A /* ReactiveCocoa.framework */,
				B5507201A3042CBA9B69E53D /* Pods_UniqDay.framework */,
			);
			name = Frameworks;
			sourceTree = "<group>";
		};
		FEBC3864FAD09AEDA19CEF0C /* Pods */ = {
			isa = PBXGroup;
			children = (
				82FDDE00B5F00A49773E5A8D /* Pods-UniqDay.debug.xcconfig */,
				26537945C949EAB63A41BCE5 /* Pods-UniqDay.release.xcconfig */,
			);
			name = Pods;
			sourceTree = "<group>";
		};
/* End PBXGroup section */

/* Begin PBXNativeTarget section */
		3D3634AD1DF71965001E3A6E /* UniqDay */ = {
			isa = PBXNativeTarget;
			buildConfigurationList = 3D3634DE1DF71966001E3A6E /* Build configuration list for PBXNativeTarget "UniqDay" */;
			buildPhases = (
				85D9C710864EE4BA0ADB7881 /* 📦 Check Pods Manifest.lock */,
				3D3634AA1DF71965001E3A6E /* Sources */,
				3D3634AB1DF71965001E3A6E /* Frameworks */,
				3D3634AC1DF71965001E3A6E /* Resources */,
				CFC79A25EABD4167B657EB7C /* 📦 Embed Pods Frameworks */,
				2C7538140DAEDE79CD96E6DB /* 📦 Copy Pods Resources */,
			);
			buildRules = (
			);
			dependencies = (
			);
			name = UniqDay;
			productName = UniqDay;
			productReference = 3D3634AE1DF71965001E3A6E /* UniqDay.app */;
			productType = "com.apple.product-type.application";
		};
		3D3634C91DF71966001E3A6E /* UniqDayTests */ = {
			isa = PBXNativeTarget;
			buildConfigurationList = 3D3634E11DF71966001E3A6E /* Build configuration list for PBXNativeTarget "UniqDayTests" */;
			buildPhases = (
				3D3634C61DF71966001E3A6E /* Sources */,
				3D3634C71DF71966001E3A6E /* Frameworks */,
				3D3634C81DF71966001E3A6E /* Resources */,
			);
			buildRules = (
			);
			dependencies = (
				3D3634CC1DF71966001E3A6E /* PBXTargetDependency */,
			);
			name = UniqDayTests;
			productName = UniqDayTests;
			productReference = 3D3634CA1DF71966001E3A6E /* UniqDayTests.xctest */;
			productType = "com.apple.product-type.bundle.unit-test";
		};
		3D3634D41DF71966001E3A6E /* UniqDayUITests */ = {
			isa = PBXNativeTarget;
			buildConfigurationList = 3D3634E41DF71966001E3A6E /* Build configuration list for PBXNativeTarget "UniqDayUITests" */;
			buildPhases = (
				3D3634D11DF71966001E3A6E /* Sources */,
				3D3634D21DF71966001E3A6E /* Frameworks */,
				3D3634D31DF71966001E3A6E /* Resources */,
			);
			buildRules = (
			);
			dependencies = (
				3D3634D71DF71966001E3A6E /* PBXTargetDependency */,
			);
			name = UniqDayUITests;
			productName = UniqDayUITests;
			productReference = 3D3634D51DF71966001E3A6E /* UniqDayUITests.xctest */;
			productType = "com.apple.product-type.bundle.ui-testing";
		};
/* End PBXNativeTarget section */

/* Begin PBXProject section */
		3D3634A61DF71965001E3A6E /* Project object */ = {
			isa = PBXProject;
			attributes = {
				CLASSPREFIX = UND;
				LastUpgradeCheck = 0820;
				ORGANIZATIONNAME = ChanLiang;
				TargetAttributes = {
					3D3634AD1DF71965001E3A6E = {
						CreatedOnToolsVersion = 8.1;
						DevelopmentTeam = W2LJR8SM8M;
						ProvisioningStyle = Automatic;
					};
					3D3634C91DF71966001E3A6E = {
						CreatedOnToolsVersion = 8.1;
						DevelopmentTeam = W2LJR8SM8M;
						ProvisioningStyle = Automatic;
						TestTargetID = 3D3634AD1DF71965001E3A6E;
					};
					3D3634D41DF71966001E3A6E = {
						CreatedOnToolsVersion = 8.1;
						DevelopmentTeam = W2LJR8SM8M;
						ProvisioningStyle = Automatic;
						TestTargetID = 3D3634AD1DF71965001E3A6E;
					};
				};
			};
			buildConfigurationList = 3D3634A91DF71965001E3A6E /* Build configuration list for PBXProject "UniqDay" */;
			compatibilityVersion = "Xcode 3.2";
			developmentRegion = English;
			hasScannedForEncodings = 0;
			knownRegions = (
				en,
				Base,
			);
			mainGroup = 3D3634A51DF71965001E3A6E;
			productRefGroup = 3D3634AF1DF71965001E3A6E /* Products */;
			projectDirPath = "";
			projectRoot = "";
			targets = (
				3D3634AD1DF71965001E3A6E /* UniqDay */,
				3D3634C91DF71966001E3A6E /* UniqDayTests */,
				3D3634D41DF71966001E3A6E /* UniqDayUITests */,
			);
		};
/* End PBXProject section */

/* Begin PBXResourcesBuildPhase section */
		3D3634AC1DF71965001E3A6E /* Resources */ = {
			isa = PBXResourcesBuildPhase;
			buildActionMask = 2147483647;
			files = (
				3D3634C41DF71965001E3A6E /* LaunchScreen.storyboard in Resources */,
				3D3634C11DF71965001E3A6E /* Assets.xcassets in Resources */,
				3D3634BC1DF71965001E3A6E /* Main.storyboard in Resources */,
			);
			runOnlyForDeploymentPostprocessing = 0;
		};
		3D3634C81DF71966001E3A6E /* Resources */ = {
			isa = PBXResourcesBuildPhase;
			buildActionMask = 2147483647;
			files = (
			);
			runOnlyForDeploymentPostprocessing = 0;
		};
		3D3634D31DF71966001E3A6E /* Resources */ = {
			isa = PBXResourcesBuildPhase;
			buildActionMask = 2147483647;
			files = (
			);
			runOnlyForDeploymentPostprocessing = 0;
		};
/* End PBXResourcesBuildPhase section */

/* Begin PBXShellScriptBuildPhase section */
		2C7538140DAEDE79CD96E6DB /* 📦 Copy Pods Resources */ = {
			isa = PBXShellScriptBuildPhase;
			buildActionMask = 2147483647;
			files = (
			);
			inputPaths = (
			);
			name = "📦 Copy Pods Resources";
			outputPaths = (
			);
			runOnlyForDeploymentPostprocessing = 0;
			shellPath = /bin/sh;
			shellScript = "\"${SRCROOT}/Pods/Target Support Files/Pods-UniqDay/Pods-UniqDay-resources.sh\"\n";
			showEnvVarsInLog = 0;
		};
		85D9C710864EE4BA0ADB7881 /* 📦 Check Pods Manifest.lock */ = {
			isa = PBXShellScriptBuildPhase;
			buildActionMask = 2147483647;
			files = (
			);
			inputPaths = (
			);
			name = "📦 Check Pods Manifest.lock";
			outputPaths = (
			);
			runOnlyForDeploymentPostprocessing = 0;
			shellPath = /bin/sh;
			shellScript = "diff \"${PODS_ROOT}/../Podfile.lock\" \"${PODS_ROOT}/Manifest.lock\" > /dev/null\nif [[ $? != 0 ]] ; then\n    cat << EOM\nerror: The sandbox is not in sync with the Podfile.lock. Run 'pod install' or update your CocoaPods installation.\nEOM\n    exit 1\nfi\n";
			showEnvVarsInLog = 0;
		};
		CFC79A25EABD4167B657EB7C /* 📦 Embed Pods Frameworks */ = {
			isa = PBXShellScriptBuildPhase;
			buildActionMask = 2147483647;
			files = (
			);
			inputPaths = (
			);
			name = "📦 Embed Pods Frameworks";
			outputPaths = (
			);
			runOnlyForDeploymentPostprocessing = 0;
			shellPath = /bin/sh;
			shellScript = "\"${SRCROOT}/Pods/Target Support Files/Pods-UniqDay/Pods-UniqDay-frameworks.sh\"\n";
			showEnvVarsInLog = 0;
		};
/* End PBXShellScriptBuildPhase section */

/* Begin PBXSourcesBuildPhase section */
		3D3634AA1DF71965001E3A6E /* Sources */ = {
			isa = PBXSourcesBuildPhase;
			buildActionMask = 2147483647;
			files = (
				3DEE5C591EA36673008CA95E /* UNDBlurAlertView.m in Sources */,
				3DC509981E5C70A800282E46 /* UNDBottomBarView.m in Sources */,
				3DC15D7A1E7B0E8400B1789F /* UNDCardView.m in Sources */,
				3DC15D7D1E7B0E9B00B1789F /* UNDCardViewCell.m in Sources */,
				3D1894031EC0D944000A45A9 /* UNDCardViewSideBCell.m in Sources */,
				3DEE5C111E9D25BA008CA95E /* UNDShareCardViewController.m in Sources */,
				3D3634B61DF71965001E3A6E /* AppDelegate.m in Sources */,
				3DC15D801E7D6FA600B1789F /* UNDCollectionViewModel.m in Sources */,
				3DD02D7B1E4A089500414B51 /* UNDImageTableViewCell.m in Sources */,
				3D1894001EC0C8E3000A45A9 /* UNDCardViewSideBCellViewModel.m in Sources */,
				3DC5099B1E5C8B0B00282E46 /* UNDTopBarView.m in Sources */,
				3D139C8C1E399259006DDC23 /* UNDDateTableViewCell.m in Sources */,
				3DBB567C1E6DC5C90028E334 /* UNDToolsBarViewModel.m in Sources */,
				3DEB7B2B1E2538F00067311D /* UNDAddCardView.m in Sources */,
				3D1893FC1EBB8B1E000A45A9 /* UNDCardViewSideB.m in Sources */,
				3D201C591E12D6580067BFF5 /* UNDViewController.m in Sources */,
				3DB463E71E56020F003D58F3 /* UNDCardViewModel.m in Sources */,
				3DBB01A21E33939800963E74 /* UNDTitleTableViewCell.m in Sources */,
				3DFD38DD1E4F8B4F00945F08 /* UNDAddCardViewModel.m in Sources */,
				3D3634B31DF71965001E3A6E /* main.m in Sources */,
				3DB1C03B1E8034E90062442A /* UNDTopBarViewModel.m in Sources */,
				3DFD38DA1E4CBA8C00945F08 /* UNDCard.m in Sources */,
				3D1893F91EBB86A4000A45A9 /* UNDCardViewSideA.m in Sources */,
				3DEE5C0E1E939CE2008CA95E /* UNDToolsBarView.m in Sources */,
			);
			runOnlyForDeploymentPostprocessing = 0;
		};
		3D3634C61DF71966001E3A6E /* Sources */ = {
			isa = PBXSourcesBuildPhase;
			buildActionMask = 2147483647;
			files = (
				3D3634CF1DF71966001E3A6E /* UniqDayTests.m in Sources */,
			);
			runOnlyForDeploymentPostprocessing = 0;
		};
		3D3634D11DF71966001E3A6E /* Sources */ = {
			isa = PBXSourcesBuildPhase;
			buildActionMask = 2147483647;
			files = (
				3D3634DA1DF71966001E3A6E /* UniqDayUITests.m in Sources */,
			);
			runOnlyForDeploymentPostprocessing = 0;
		};
/* End PBXSourcesBuildPhase section */

/* Begin PBXTargetDependency section */
		3D3634CC1DF71966001E3A6E /* PBXTargetDependency */ = {
			isa = PBXTargetDependency;
			target = 3D3634AD1DF71965001E3A6E /* UniqDay */;
			targetProxy = 3D3634CB1DF71966001E3A6E /* PBXContainerItemProxy */;
		};
		3D3634D71DF71966001E3A6E /* PBXTargetDependency */ = {
			isa = PBXTargetDependency;
			target = 3D3634AD1DF71965001E3A6E /* UniqDay */;
			targetProxy = 3D3634D61DF71966001E3A6E /* PBXContainerItemProxy */;
		};
/* End PBXTargetDependency section */

/* Begin PBXVariantGroup section */
		3D3634BA1DF71965001E3A6E /* Main.storyboard */ = {
			isa = PBXVariantGroup;
			children = (
				3D3634BB1DF71965001E3A6E /* Base */,
			);
			name = Main.storyboard;
			sourceTree = "<group>";
		};
		3D3634C21DF71965001E3A6E /* LaunchScreen.storyboard */ = {
			isa = PBXVariantGroup;
			children = (
				3D3634C31DF71965001E3A6E /* Base */,
			);
			name = LaunchScreen.storyboard;
			sourceTree = "<group>";
		};
/* End PBXVariantGroup section */

/* Begin XCBuildConfiguration section */
		3D3634DC1DF71966001E3A6E /* Debug */ = {
			isa = XCBuildConfiguration;
			buildSettings = {
				ALWAYS_SEARCH_USER_PATHS = NO;
				CLANG_ANALYZER_NONNULL = YES;
				CLANG_CXX_LANGUAGE_STANDARD = "gnu++0x";
				CLANG_CXX_LIBRARY = "libc++";
				CLANG_ENABLE_MODULES = YES;
				CLANG_ENABLE_OBJC_ARC = YES;
				CLANG_WARN_BOOL_CONVERSION = YES;
				CLANG_WARN_CONSTANT_CONVERSION = YES;
				CLANG_WARN_DIRECT_OBJC_ISA_USAGE = YES_ERROR;
				CLANG_WARN_DOCUMENTATION_COMMENTS = YES;
				CLANG_WARN_EMPTY_BODY = YES;
				CLANG_WARN_ENUM_CONVERSION = YES;
				CLANG_WARN_INFINITE_RECURSION = YES;
				CLANG_WARN_INT_CONVERSION = YES;
				CLANG_WARN_OBJC_ROOT_CLASS = YES_ERROR;
				CLANG_WARN_SUSPICIOUS_MOVE = YES;
				CLANG_WARN_SUSPICIOUS_MOVES = YES;
				CLANG_WARN_UNREACHABLE_CODE = YES;
				CLANG_WARN__DUPLICATE_METHOD_MATCH = YES;
				"CODE_SIGN_IDENTITY[sdk=iphoneos*]" = "iPhone Developer";
				COPY_PHASE_STRIP = NO;
				DEBUG_INFORMATION_FORMAT = dwarf;
				ENABLE_STRICT_OBJC_MSGSEND = YES;
				ENABLE_TESTABILITY = YES;
				GCC_C_LANGUAGE_STANDARD = gnu99;
				GCC_DYNAMIC_NO_PIC = NO;
				GCC_NO_COMMON_BLOCKS = YES;
				GCC_OPTIMIZATION_LEVEL = 0;
				GCC_PREPROCESSOR_DEFINITIONS = (
					"DEBUG=1",
					"$(inherited)",
				);
				GCC_WARN_64_TO_32_BIT_CONVERSION = YES;
				GCC_WARN_ABOUT_RETURN_TYPE = YES_ERROR;
				GCC_WARN_UNDECLARED_SELECTOR = YES;
				GCC_WARN_UNINITIALIZED_AUTOS = YES_AGGRESSIVE;
				GCC_WARN_UNUSED_FUNCTION = YES;
				GCC_WARN_UNUSED_VARIABLE = YES;
				IPHONEOS_DEPLOYMENT_TARGET = 10.1;
				MTL_ENABLE_DEBUG_INFO = YES;
				ONLY_ACTIVE_ARCH = YES;
				SDKROOT = iphoneos;
			};
			name = Debug;
		};
		3D3634DD1DF71966001E3A6E /* Release */ = {
			isa = XCBuildConfiguration;
			buildSettings = {
				ALWAYS_SEARCH_USER_PATHS = NO;
				CLANG_ANALYZER_NONNULL = YES;
				CLANG_CXX_LANGUAGE_STANDARD = "gnu++0x";
				CLANG_CXX_LIBRARY = "libc++";
				CLANG_ENABLE_MODULES = YES;
				CLANG_ENABLE_OBJC_ARC = YES;
				CLANG_WARN_BOOL_CONVERSION = YES;
				CLANG_WARN_CONSTANT_CONVERSION = YES;
				CLANG_WARN_DIRECT_OBJC_ISA_USAGE = YES_ERROR;
				CLANG_WARN_DOCUMENTATION_COMMENTS = YES;
				CLANG_WARN_EMPTY_BODY = YES;
				CLANG_WARN_ENUM_CONVERSION = YES;
				CLANG_WARN_INFINITE_RECURSION = YES;
				CLANG_WARN_INT_CONVERSION = YES;
				CLANG_WARN_OBJC_ROOT_CLASS = YES_ERROR;
				CLANG_WARN_SUSPICIOUS_MOVE = YES;
				CLANG_WARN_SUSPICIOUS_MOVES = YES;
				CLANG_WARN_UNREACHABLE_CODE = YES;
				CLANG_WARN__DUPLICATE_METHOD_MATCH = YES;
				"CODE_SIGN_IDENTITY[sdk=iphoneos*]" = "iPhone Developer";
				COPY_PHASE_STRIP = NO;
				DEBUG_INFORMATION_FORMAT = "dwarf-with-dsym";
				ENABLE_NS_ASSERTIONS = NO;
				ENABLE_STRICT_OBJC_MSGSEND = YES;
				GCC_C_LANGUAGE_STANDARD = gnu99;
				GCC_NO_COMMON_BLOCKS = YES;
				GCC_WARN_64_TO_32_BIT_CONVERSION = YES;
				GCC_WARN_ABOUT_RETURN_TYPE = YES_ERROR;
				GCC_WARN_UNDECLARED_SELECTOR = YES;
				GCC_WARN_UNINITIALIZED_AUTOS = YES_AGGRESSIVE;
				GCC_WARN_UNUSED_FUNCTION = YES;
				GCC_WARN_UNUSED_VARIABLE = YES;
				IPHONEOS_DEPLOYMENT_TARGET = 10.1;
				MTL_ENABLE_DEBUG_INFO = NO;
				SDKROOT = iphoneos;
				VALIDATE_PRODUCT = YES;
			};
			name = Release;
		};
		3D3634DF1DF71966001E3A6E /* Debug */ = {
			isa = XCBuildConfiguration;
			baseConfigurationReference = 82FDDE00B5F00A49773E5A8D /* Pods-UniqDay.debug.xcconfig */;
			buildSettings = {
				ASSETCATALOG_COMPILER_APPICON_NAME = AppIcon;
				DEVELOPMENT_TEAM = W2LJR8SM8M;
				FRAMEWORK_SEARCH_PATHS = (
					"$(inherited)",
					"$(PROJECT_DIR)/build/Debug-iphoneos/Realm",
				);
				INFOPLIST_FILE = UniqDay/Info.plist;
				LD_RUNPATH_SEARCH_PATHS = "$(inherited) @executable_path/Frameworks";
				PRODUCT_BUNDLE_IDENTIFIER = ChanStudio.UniqDay;
				PRODUCT_NAME = "$(TARGET_NAME)";
			};
			name = Debug;
		};
		3D3634E01DF71966001E3A6E /* Release */ = {
			isa = XCBuildConfiguration;
			baseConfigurationReference = 26537945C949EAB63A41BCE5 /* Pods-UniqDay.release.xcconfig */;
			buildSettings = {
				ASSETCATALOG_COMPILER_APPICON_NAME = AppIcon;
				DEVELOPMENT_TEAM = W2LJR8SM8M;
				FRAMEWORK_SEARCH_PATHS = (
					"$(inherited)",
					"$(PROJECT_DIR)/build/Debug-iphoneos/Realm",
				);
				INFOPLIST_FILE = UniqDay/Info.plist;
				LD_RUNPATH_SEARCH_PATHS = "$(inherited) @executable_path/Frameworks";
				PRODUCT_BUNDLE_IDENTIFIER = ChanStudio.UniqDay;
				PRODUCT_NAME = "$(TARGET_NAME)";
			};
			name = Release;
		};
		3D3634E21DF71966001E3A6E /* Debug */ = {
			isa = XCBuildConfiguration;
			buildSettings = {
				BUNDLE_LOADER = "$(TEST_HOST)";
				DEVELOPMENT_TEAM = W2LJR8SM8M;
				INFOPLIST_FILE = UniqDayTests/Info.plist;
				LD_RUNPATH_SEARCH_PATHS = "$(inherited) @executable_path/Frameworks @loader_path/Frameworks";
				PRODUCT_BUNDLE_IDENTIFIER = ChanStudio.UniqDayTests;
				PRODUCT_NAME = "$(TARGET_NAME)";
				TEST_HOST = "$(BUILT_PRODUCTS_DIR)/UniqDay.app/UniqDay";
			};
			name = Debug;
		};
		3D3634E31DF71966001E3A6E /* Release */ = {
			isa = XCBuildConfiguration;
			buildSettings = {
				BUNDLE_LOADER = "$(TEST_HOST)";
				DEVELOPMENT_TEAM = W2LJR8SM8M;
				INFOPLIST_FILE = UniqDayTests/Info.plist;
				LD_RUNPATH_SEARCH_PATHS = "$(inherited) @executable_path/Frameworks @loader_path/Frameworks";
				PRODUCT_BUNDLE_IDENTIFIER = ChanStudio.UniqDayTests;
				PRODUCT_NAME = "$(TARGET_NAME)";
				TEST_HOST = "$(BUILT_PRODUCTS_DIR)/UniqDay.app/UniqDay";
			};
			name = Release;
		};
		3D3634E51DF71966001E3A6E /* Debug */ = {
			isa = XCBuildConfiguration;
			buildSettings = {
				DEVELOPMENT_TEAM = W2LJR8SM8M;
				INFOPLIST_FILE = UniqDayUITests/Info.plist;
				LD_RUNPATH_SEARCH_PATHS = "$(inherited) @executable_path/Frameworks @loader_path/Frameworks";
				PRODUCT_BUNDLE_IDENTIFIER = ChanStudio.UniqDayUITests;
				PRODUCT_NAME = "$(TARGET_NAME)";
				TEST_TARGET_NAME = UniqDay;
			};
			name = Debug;
		};
		3D3634E61DF71966001E3A6E /* Release */ = {
			isa = XCBuildConfiguration;
			buildSettings = {
				DEVELOPMENT_TEAM = W2LJR8SM8M;
				INFOPLIST_FILE = UniqDayUITests/Info.plist;
				LD_RUNPATH_SEARCH_PATHS = "$(inherited) @executable_path/Frameworks @loader_path/Frameworks";
				PRODUCT_BUNDLE_IDENTIFIER = ChanStudio.UniqDayUITests;
				PRODUCT_NAME = "$(TARGET_NAME)";
				TEST_TARGET_NAME = UniqDay;
			};
			name = Release;
		};
/* End XCBuildConfiguration section */

/* Begin XCConfigurationList section */
		3D3634A91DF71965001E3A6E /* Build configuration list for PBXProject "UniqDay" */ = {
			isa = XCConfigurationList;
			buildConfigurations = (
				3D3634DC1DF71966001E3A6E /* Debug */,
				3D3634DD1DF71966001E3A6E /* Release */,
			);
			defaultConfigurationIsVisible = 0;
			defaultConfigurationName = Release;
		};
		3D3634DE1DF71966001E3A6E /* Build configuration list for PBXNativeTarget "UniqDay" */ = {
			isa = XCConfigurationList;
			buildConfigurations = (
				3D3634DF1DF71966001E3A6E /* Debug */,
				3D3634E01DF71966001E3A6E /* Release */,
			);
			defaultConfigurationIsVisible = 0;
			defaultConfigurationName = Release;
		};
		3D3634E11DF71966001E3A6E /* Build configuration list for PBXNativeTarget "UniqDayTests" */ = {
			isa = XCConfigurationList;
			buildConfigurations = (
				3D3634E21DF71966001E3A6E /* Debug */,
				3D3634E31DF71966001E3A6E /* Release */,
			);
			defaultConfigurationIsVisible = 0;
			defaultConfigurationName = Release;
		};
		3D3634E41DF71966001E3A6E /* Build configuration list for PBXNativeTarget "UniqDayUITests" */ = {
			isa = XCConfigurationList;
			buildConfigurations = (
				3D3634E51DF71966001E3A6E /* Debug */,
				3D3634E61DF71966001E3A6E /* Release */,
			);
			defaultConfigurationIsVisible = 0;
			defaultConfigurationName = Release;
		};
/* End XCConfigurationList section */

/* Begin XCVersionGroup section */
		3D201C631E12D9180067BFF5 /* UniqDay.xcdatamodeld */ = {
			isa = XCVersionGroup;
			children = (
				3D201C641E12D9180067BFF5 /* UniqDay.xcdatamodel */,
			);
			currentVersion = 3D201C641E12D9180067BFF5 /* UniqDay.xcdatamodel */;
			path = UniqDay.xcdatamodeld;
			sourceTree = "<group>";
			versionGroupType = wrapper.xcdatamodel;
		};
/* End XCVersionGroup section */
	};
	rootObject = 3D3634A61DF71965001E3A6E /* Project object */;
}
